
Microsoft Visual Studio Solution File, Format Version 12.00
# Visual Studio Version 17
VisualStudioVersion = 17.0.31611.283
MinimumVisualStudioVersion = 10.0.40219.1
Project("{9A19103F-16F7-4668-BE54-9A1E7A4F7556}") = "MauiInsights.App", "src\MauiInsights.App\MauiInsights.App.csproj", "{CFF9E037-38F7-4D41-8270-08EB4C98F513}"
EndProject
Project("{9A19103F-16F7-4668-BE54-9A1E7A4F7556}") = "MauiInsights", "MauiInsights\MauiInsights.csproj", "{F1B9E25F-D97A-4C8A-AAC4-C4C2D0F6D9E3}"
EndProject
Project("{FAE04EC0-301F-11D3-BF4B-00C04F79EFBC}") = "WebApplication1", "WebApplication1\WebApplication1.csproj", "{4DE22B49-E1F8-4180-AC40-7649D1FB5ED8}"
EndProject
Global
	GlobalSection(SolutionConfigurationPlatforms) = preSolution
		Debug|Any CPU = Debug|Any CPU
		Release|Any CPU = Release|Any CPU
	EndGlobalSection
	GlobalSection(ProjectConfigurationPlatforms) = postSolution
		{CFF9E037-38F7-4D41-8270-08EB4C98F513}.Debug|Any CPU.ActiveCfg = Debug|Any CPU
		{CFF9E037-38F7-4D41-8270-08EB4C98F513}.Debug|Any CPU.Build.0 = Debug|Any CPU
		{CFF9E037-38F7-4D41-8270-08EB4C98F513}.Release|Any CPU.ActiveCfg = Release|Any CPU
		{CFF9E037-38F7-4D41-8270-08EB4C98F513}.Release|Any CPU.Build.0 = Release|Any CPU
		{F1B9E25F-D97A-4C8A-AAC4-C4C2D0F6D9E3}.Debug|Any CPU.ActiveCfg = Debug|Any CPU
		{F1B9E25F-D97A-4C8A-AAC4-C4C2D0F6D9E3}.Debug|Any CPU.Build.0 = Debug|Any CPU
		{F1B9E25F-D97A-4C8A-AAC4-C4C2D0F6D9E3}.Release|Any CPU.ActiveCfg = Release|Any CPU
		{F1B9E25F-D97A-4C8A-AAC4-C4C2D0F6D9E3}.Release|Any CPU.Build.0 = Release|Any CPU
		{4DE22B49-E1F8-4180-AC40-7649D1FB5ED8}.Debug|Any CPU.ActiveCfg = Debug|Any CPU
		{4DE22B49-E1F8-4180-AC40-7649D1FB5ED8}.Debug|Any CPU.Build.0 = Debug|Any CPU
		{4DE22B49-E1F8-4180-AC40-7649D1FB5ED8}.Release|Any CPU.ActiveCfg = Release|Any CPU
		{4DE22B49-E1F8-4180-AC40-7649D1FB5ED8}.Release|Any CPU.Build.0 = Release|Any CPU
	EndGlobalSection
	GlobalSection(SolutionProperties) = preSolution
		HideSolutionNode = FALSE
	EndGlobalSection
	GlobalSection(ExtensibilityGlobals) = postSolution
		SolutionGuid = {61F7FB11-1E47-470C-91E2-47F8143E1572}
	EndGlobalSection
EndGlobal
