
Microsoft Visual Studio Solution File, Format Version 12.00
# Visual Studio Version 17
VisualStudioVersion = 17.0.31611.283
MinimumVisualStudioVersion = 10.0.40219.1
Project("{9A19103F-16F7-4668-BE54-9A1E7A4F7556}") = "MauiInsights.App", "src\MauiInsights.App\MauiInsights.App.csproj", "{CFF9E037-38F7-4D41-8270-08EB4C98F513}"
EndProject
Project("{9A19103F-16F7-4668-BE54-9A1E7A4F7556}") = "MauiInsights", "src\MauiInsights\MauiInsights.csproj", "{DD91979E-A7A0-45B2-8BB0-E0C3054A19FC}"
EndProject
Project("{FAE04EC0-301F-11D3-BF4B-00C04F79EFBC}") = "MauiInsights.Tests", "src\MauiInsights.Tests\MauiInsights.Tests.csproj", "{90257E74-AD9A-41CD-9292-2F90E639635D}"
EndProject
Global
	GlobalSection(SolutionConfigurationPlatforms) = preSolution
		Debug|Any CPU = Debug|Any CPU
		Release|Any CPU = Release|Any CPU
	EndGlobalSection
	GlobalSection(ProjectConfigurationPlatforms) = postSolution
		{CFF9E037-38F7-4D41-8270-08EB4C98F513}.Debug|Any CPU.ActiveCfg = Debug|Any CPU
		{CFF9E037-38F7-4D41-8270-08EB4C98F513}.Debug|Any CPU.Build.0 = Debug|Any CPU
		{CFF9E037-38F7-4D41-8270-08EB4C98F513}.Release|Any CPU.ActiveCfg = Release|Any CPU
		{CFF9E037-38F7-4D41-8270-08EB4C98F513}.Release|Any CPU.Build.0 = Release|Any CPU
		{DD91979E-A7A0-45B2-8BB0-E0C3054A19FC}.Debug|Any CPU.ActiveCfg = Debug|Any CPU
		{DD91979E-A7A0-45B2-8BB0-E0C3054A19FC}.Debug|Any CPU.Build.0 = Debug|Any CPU
		{DD91979E-A7A0-45B2-8BB0-E0C3054A19FC}.Release|Any CPU.ActiveCfg = Release|Any CPU
		{DD91979E-A7A0-45B2-8BB0-E0C3054A19FC}.Release|Any CPU.Build.0 = Release|Any CPU
		{90257E74-AD9A-41CD-9292-2F90E639635D}.Debug|Any CPU.ActiveCfg = Debug|Any CPU
		{90257E74-AD9A-41CD-9292-2F90E639635D}.Debug|Any CPU.Build.0 = Debug|Any CPU
		{90257E74-AD9A-41CD-9292-2F90E639635D}.Release|Any CPU.ActiveCfg = Release|Any CPU
		{90257E74-AD9A-41CD-9292-2F90E639635D}.Release|Any CPU.Build.0 = Release|Any CPU
	EndGlobalSection
	GlobalSection(SolutionProperties) = preSolution
		HideSolutionNode = FALSE
	EndGlobalSection
	GlobalSection(ExtensibilityGlobals) = postSolution
		SolutionGuid = {61F7FB11-1E47-470C-91E2-47F8143E1572}
	EndGlobalSection
EndGlobal
